
Microsoft Visual Studio Solution File, Format Version 12.00
# Visual Studio Version 16
VisualStudioVersion = 16.0.29326.143
MinimumVisualStudioVersion = 10.0.40219.1
Project("{FAE04EC0-301F-11D3-BF4B-00C04F79EFBC}") = "Open-Lab-02.4", "Open-Lab-02.4\Open-Lab-02.4.csproj", "{CD81B979-9B07-4839-9A0B-235AC8866A22}"
EndProject
Global
	GlobalSection(SolutionConfigurationPlatforms) = preSolution
		Debug|Any CPU = Debug|Any CPU
		Release|Any CPU = Release|Any CPU
	EndGlobalSection
	GlobalSection(ProjectConfigurationPlatforms) = postSolution
		{CD81B979-9B07-4839-9A0B-235AC8866A22}.Debug|Any CPU.ActiveCfg = Debug|Any CPU
		{CD81B979-9B07-4839-9A0B-235AC8866A22}.Debug|Any CPU.Build.0 = Debug|Any CPU
		{CD81B979-9B07-4839-9A0B-235AC8866A22}.Release|Any CPU.ActiveCfg = Release|Any CPU
		{CD81B979-9B07-4839-9A0B-235AC8866A22}.Release|Any CPU.Build.0 = Release|Any CPU
	EndGlobalSection
	GlobalSection(SolutionProperties) = preSolution
		HideSolutionNode = FALSE
	EndGlobalSection
	GlobalSection(ExtensibilityGlobals) = postSolution
		SolutionGuid = {980A1749-4965-4E91-8F63-5055A88936C3}
	EndGlobalSection
EndGlobal
